// !$*UTF8*$!
{
	archiveVersion = 1;
	classes = {
	};
	objectVersion = 46;
	objects = {

/* Begin PBXBuildFile section */
		04125EBD1852EDEE001E1B9A /* LoginWithFacebookNormal@2x.png in Resources */ = {isa = PBXBuildFile; fileRef = 04125EBC1852EDEE001E1B9A /* LoginWithFacebookNormal@2x.png */; };
		04125ECB1852FC1F001E1B9A /* logo.png in Resources */ = {isa = PBXBuildFile; fileRef = 04125ECA1852FC1F001E1B9A /* logo.png */; };
		04125ECD1852FD19001E1B9A /* logo4.png in Resources */ = {isa = PBXBuildFile; fileRef = 04125ECC1852FD19001E1B9A /* logo4.png */; };
		04125ECF1852FDB0001E1B9A /* T114.png in Resources */ = {isa = PBXBuildFile; fileRef = 04125ECE1852FDB0001E1B9A /* T114.png */; };
		04125ED818562002001E1B9A /* logViewController.m in Sources */ = {isa = PBXBuildFile; fileRef = 04125ED318561DFA001E1B9A /* logViewController.m */; };
		041D19D7177D6CC700352260 /* UIKit.framework in Frameworks */ = {isa = PBXBuildFile; fileRef = 041D19D6177D6CC700352260 /* UIKit.framework */; };
		041D19D9177D6CC700352260 /* Foundation.framework in Frameworks */ = {isa = PBXBuildFile; fileRef = 041D19D8177D6CC700352260 /* Foundation.framework */; };
		041D19DB177D6CC700352260 /* CoreGraphics.framework in Frameworks */ = {isa = PBXBuildFile; fileRef = 041D19DA177D6CC700352260 /* CoreGraphics.framework */; };
		041D19E1177D6CC700352260 /* InfoPlist.strings in Resources */ = {isa = PBXBuildFile; fileRef = 041D19DF177D6CC700352260 /* InfoPlist.strings */; };
		041D19E3177D6CC700352260 /* main.m in Sources */ = {isa = PBXBuildFile; fileRef = 041D19E2177D6CC700352260 /* main.m */; };
		041D19E7177D6CC700352260 /* AppDelegate.m in Sources */ = {isa = PBXBuildFile; fileRef = 041D19E6177D6CC700352260 /* AppDelegate.m */; };
		041D19F0177D6CC700352260 /* MainStoryboard_iPhone.storyboard in Resources */ = {isa = PBXBuildFile; fileRef = 041D19EE177D6CC700352260 /* MainStoryboard_iPhone.storyboard */; };
		041D19FE177D6CC700352260 /* SenTestingKit.framework in Frameworks */ = {isa = PBXBuildFile; fileRef = 041D19FD177D6CC700352260 /* SenTestingKit.framework */; };
		041D19FF177D6CC700352260 /* UIKit.framework in Frameworks */ = {isa = PBXBuildFile; fileRef = 041D19D6177D6CC700352260 /* UIKit.framework */; };
		041D1A00177D6CC700352260 /* Foundation.framework in Frameworks */ = {isa = PBXBuildFile; fileRef = 041D19D8177D6CC700352260 /* Foundation.framework */; };
		0446B89C17F21F3B000C629E /* presetViewController.m in Sources */ = {isa = PBXBuildFile; fileRef = 0446B89B17F21F3B000C629E /* presetViewController.m */; };
		0446B8A217F44A46000C629E /* resettimeViewController.m in Sources */ = {isa = PBXBuildFile; fileRef = 0446B8A117F44A46000C629E /* resettimeViewController.m */; };
		045FE84017ABAFAD0064D82B /* Model.xcdatamodeld in Sources */ = {isa = PBXBuildFile; fileRef = 045FE83E17ABAFAD0064D82B /* Model.xcdatamodeld */; };
		049AD2AF185DF6230076F5AD /* tabViewController.m in Sources */ = {isa = PBXBuildFile; fileRef = 049AD2AE185DF6230076F5AD /* tabViewController.m */; };
		049AD2B2185DF7F90076F5AD /* introViewController.m in Sources */ = {isa = PBXBuildFile; fileRef = 049AD2B1185DF7F90076F5AD /* introViewController.m */; };
		049AD2B618617FAA0076F5AD /* game.png in Resources */ = {isa = PBXBuildFile; fileRef = 049AD2B518617FAA0076F5AD /* game.png */; };
		049AD2B818617FBF0076F5AD /* Star.jpg in Resources */ = {isa = PBXBuildFile; fileRef = 049AD2B718617FBF0076F5AD /* Star.jpg */; };
		049AD2BA186180110076F5AD /* player.png in Resources */ = {isa = PBXBuildFile; fileRef = 049AD2B9186180110076F5AD /* player.png */; };
		049AD2BC186180270076F5AD /* Jason.jpg in Resources */ = {isa = PBXBuildFile; fileRef = 049AD2BB186180270076F5AD /* Jason.jpg */; };
		049AD2BE186180460076F5AD /* basketball.png in Resources */ = {isa = PBXBuildFile; fileRef = 049AD2BD186180460076F5AD /* basketball.png */; };
		049AD2C0186180700076F5AD /* Default~iphone.png in Resources */ = {isa = PBXBuildFile; fileRef = 049AD2BF186180700076F5AD /* Default~iphone.png */; };
		049AD2C2186180950076F5AD /* man-figure.png in Resources */ = {isa = PBXBuildFile; fileRef = 049AD2C1186180950076F5AD /* man-figure.png */; };
		049AD2C4186180AA0076F5AD /* George.jpg in Resources */ = {isa = PBXBuildFile; fileRef = 049AD2C3186180AA0076F5AD /* George.jpg */; };
		049AD2C6186180B50076F5AD /* Ike.jpg in Resources */ = {isa = PBXBuildFile; fileRef = 049AD2C5186180B50076F5AD /* Ike.jpg */; };
		049AD2C8186180C10076F5AD /* Terry.jpg in Resources */ = {isa = PBXBuildFile; fileRef = 049AD2C7186180C10076F5AD /* Terry.jpg */; };
		049AD2CA186180E90076F5AD /* teammany.png in Resources */ = {isa = PBXBuildFile; fileRef = 049AD2C9186180E90076F5AD /* teammany.png */; };
		049AD2CE1861854B0076F5AD /* FacebookSDK.framework in Frameworks */ = {isa = PBXBuildFile; fileRef = 049AD2CD1861854B0076F5AD /* FacebookSDK.framework */; };
		049AD2D01862C0E50076F5AD /* teammatelaunch.jpg in Resources */ = {isa = PBXBuildFile; fileRef = 049AD2CF1862C0E50076F5AD /* teammatelaunch.jpg */; };
		04A32BCE17A2990B0010CC1C /* teamViewController.m in Sources */ = {isa = PBXBuildFile; fileRef = 04A32BCD17A2990B0010CC1C /* teamViewController.m */; };
		04A32BD117A2991D0010CC1C /* playerViewController.m in Sources */ = {isa = PBXBuildFile; fileRef = 04A32BD017A2991C0010CC1C /* playerViewController.m */; };
		04A32BD417A299600010CC1C /* recordViewController.m in Sources */ = {isa = PBXBuildFile; fileRef = 04A32BD317A299600010CC1C /* recordViewController.m */; };
		04AD06001801C1AF0063856F /* PlayerCell.m in Sources */ = {isa = PBXBuildFile; fileRef = 04AD05FE1801C1AF0063856F /* PlayerCell.m */; };
		04AD06011801C1AF0063856F /* playercell.xib in Resources */ = {isa = PBXBuildFile; fileRef = 04AD05FF1801C1AF0063856F /* playercell.xib */; };
		04AD06041801C1EB0063856F /* SelectPlayerViewController.m in Sources */ = {isa = PBXBuildFile; fileRef = 04AD06031801C1EB0063856F /* SelectPlayerViewController.m */; };
		04B31D1617B82EA700B3FFB0 /* CJSONDeserializer.m in Sources */ = {isa = PBXBuildFile; fileRef = 04B31CBF17B82EA700B3FFB0 /* CJSONDeserializer.m */; };
		04B31D1717B82EA700B3FFB0 /* CJSONSerializer.m in Sources */ = {isa = PBXBuildFile; fileRef = 04B31CC117B82EA700B3FFB0 /* CJSONSerializer.m */; };
		04B31D1817B82EA700B3FFB0 /* NSDictionary_JSONExtensions.m in Sources */ = {isa = PBXBuildFile; fileRef = 04B31CC417B82EA700B3FFB0 /* NSDictionary_JSONExtensions.m */; };
		04BE4C3A17B1781300FAAEC1 /* CoreData.framework in Frameworks */ = {isa = PBXBuildFile; fileRef = 04BE4C3917B1781300FAAEC1 /* CoreData.framework */; };
		04CFAD5E17CB253800DB66C8 /* 團體照.jpg in Resources */ = {isa = PBXBuildFile; fileRef = 04CFAD5D17CB253800DB66C8 /* 團體照.jpg */; };
		04D141C51801E588001617F7 /* Ding.jpg in Resources */ = {isa = PBXBuildFile; fileRef = 04D141C41801E588001617F7 /* Ding.jpg */; };
		04D141C71801E5A2001617F7 /* Lin.jpg in Resources */ = {isa = PBXBuildFile; fileRef = 04D141C61801E5A2001617F7 /* Lin.jpg */; };
/* End PBXBuildFile section */

/* Begin PBXContainerItemProxy section */
		041D1A01177D6CC700352260 /* PBXContainerItemProxy */ = {
			isa = PBXContainerItemProxy;
			containerPortal = 041D19CB177D6CC600352260 /* Project object */;
			proxyType = 1;
			remoteGlobalIDString = 041D19D2177D6CC700352260;
			remoteInfo = ui;
		};
/* End PBXContainerItemProxy section */

/* Begin PBXFileReference section */
		04125EBC1852EDEE001E1B9A /* LoginWithFacebookNormal@2x.png */ = {isa = PBXFileReference; lastKnownFileType = image.png; path = "LoginWithFacebookNormal@2x.png"; sourceTree = "<group>"; };
		04125ECA1852FC1F001E1B9A /* logo.png */ = {isa = PBXFileReference; lastKnownFileType = image.png; path = logo.png; sourceTree = "<group>"; };
		04125ECC1852FD19001E1B9A /* logo4.png */ = {isa = PBXFileReference; lastKnownFileType = image.png; path = logo4.png; sourceTree = "<group>"; };
		04125ECE1852FDB0001E1B9A /* T114.png */ = {isa = PBXFileReference; lastKnownFileType = image.png; path = T114.png; sourceTree = "<group>"; };
		04125ED218561DFA001E1B9A /* logViewController.h */ = {isa = PBXFileReference; fileEncoding = 4; lastKnownFileType = sourcecode.c.h; path = logViewController.h; sourceTree = "<group>"; };
		04125ED318561DFA001E1B9A /* logViewController.m */ = {isa = PBXFileReference; fileEncoding = 4; lastKnownFileType = sourcecode.c.objc; path = logViewController.m; sourceTree = "<group>"; };
		041D19D3177D6CC700352260 /* ui.app */ = {isa = PBXFileReference; explicitFileType = wrapper.application; includeInIndex = 0; path = ui.app; sourceTree = BUILT_PRODUCTS_DIR; };
		041D19D6177D6CC700352260 /* UIKit.framework */ = {isa = PBXFileReference; lastKnownFileType = wrapper.framework; name = UIKit.framework; path = System/Library/Frameworks/UIKit.framework; sourceTree = SDKROOT; };
		041D19D8177D6CC700352260 /* Foundation.framework */ = {isa = PBXFileReference; lastKnownFileType = wrapper.framework; name = Foundation.framework; path = System/Library/Frameworks/Foundation.framework; sourceTree = SDKROOT; };
		041D19DA177D6CC700352260 /* CoreGraphics.framework */ = {isa = PBXFileReference; lastKnownFileType = wrapper.framework; name = CoreGraphics.framework; path = System/Library/Frameworks/CoreGraphics.framework; sourceTree = SDKROOT; };
		041D19DE177D6CC700352260 /* ui-Info.plist */ = {isa = PBXFileReference; lastKnownFileType = text.plist.xml; path = "ui-Info.plist"; sourceTree = "<group>"; };
		041D19E0177D6CC700352260 /* en */ = {isa = PBXFileReference; lastKnownFileType = text.plist.strings; name = en; path = en.lproj/InfoPlist.strings; sourceTree = "<group>"; };
		041D19E2177D6CC700352260 /* main.m */ = {isa = PBXFileReference; lastKnownFileType = sourcecode.c.objc; path = main.m; sourceTree = "<group>"; };
		041D19E4177D6CC700352260 /* ui-Prefix.pch */ = {isa = PBXFileReference; lastKnownFileType = sourcecode.c.h; path = "ui-Prefix.pch"; sourceTree = "<group>"; };
		041D19E5177D6CC700352260 /* AppDelegate.h */ = {isa = PBXFileReference; lastKnownFileType = sourcecode.c.h; path = AppDelegate.h; sourceTree = "<group>"; };
		041D19E6177D6CC700352260 /* AppDelegate.m */ = {isa = PBXFileReference; lastKnownFileType = sourcecode.c.objc; path = AppDelegate.m; sourceTree = "<group>"; };
		041D19EF177D6CC700352260 /* en */ = {isa = PBXFileReference; lastKnownFileType = file.storyboard; name = en; path = en.lproj/MainStoryboard_iPhone.storyboard; sourceTree = "<group>"; };
		041D19FC177D6CC700352260 /* uiTests.octest */ = {isa = PBXFileReference; explicitFileType = wrapper.cfbundle; includeInIndex = 0; path = uiTests.octest; sourceTree = BUILT_PRODUCTS_DIR; };
		041D19FD177D6CC700352260 /* SenTestingKit.framework */ = {isa = PBXFileReference; lastKnownFileType = wrapper.framework; name = SenTestingKit.framework; path = Library/Frameworks/SenTestingKit.framework; sourceTree = DEVELOPER_DIR; };
		0446B89A17F21F3B000C629E /* presetViewController.h */ = {isa = PBXFileReference; fileEncoding = 4; lastKnownFileType = sourcecode.c.h; path = presetViewController.h; sourceTree = "<group>"; };
		0446B89B17F21F3B000C629E /* presetViewController.m */ = {isa = PBXFileReference; fileEncoding = 4; lastKnownFileType = sourcecode.c.objc; path = presetViewController.m; sourceTree = "<group>"; };
		0446B8A017F44A46000C629E /* resettimeViewController.h */ = {isa = PBXFileReference; fileEncoding = 4; lastKnownFileType = sourcecode.c.h; path = resettimeViewController.h; sourceTree = "<group>"; };
		0446B8A117F44A46000C629E /* resettimeViewController.m */ = {isa = PBXFileReference; fileEncoding = 4; lastKnownFileType = sourcecode.c.objc; path = resettimeViewController.m; sourceTree = "<group>"; };
		045FE83F17ABAFAD0064D82B /* Model.xcdatamodel */ = {isa = PBXFileReference; lastKnownFileType = wrapper.xcdatamodel; path = Model.xcdatamodel; sourceTree = "<group>"; };
		049AD2AD185DF6230076F5AD /* tabViewController.h */ = {isa = PBXFileReference; fileEncoding = 4; lastKnownFileType = sourcecode.c.h; path = tabViewController.h; sourceTree = "<group>"; };
		049AD2AE185DF6230076F5AD /* tabViewController.m */ = {isa = PBXFileReference; fileEncoding = 4; lastKnownFileType = sourcecode.c.objc; path = tabViewController.m; sourceTree = "<group>"; };
		049AD2B0185DF7F90076F5AD /* introViewController.h */ = {isa = PBXFileReference; fileEncoding = 4; lastKnownFileType = sourcecode.c.h; path = introViewController.h; sourceTree = "<group>"; };
		049AD2B1185DF7F90076F5AD /* introViewController.m */ = {isa = PBXFileReference; fileEncoding = 4; lastKnownFileType = sourcecode.c.objc; path = introViewController.m; sourceTree = "<group>"; };
		049AD2B518617FAA0076F5AD /* game.png */ = {isa = PBXFileReference; lastKnownFileType = image.png; path = game.png; sourceTree = "<group>"; };
		049AD2B718617FBF0076F5AD /* Star.jpg */ = {isa = PBXFileReference; lastKnownFileType = image.jpeg; path = Star.jpg; sourceTree = "<group>"; };
		049AD2B9186180110076F5AD /* player.png */ = {isa = PBXFileReference; lastKnownFileType = image.png; path = player.png; sourceTree = "<group>"; };
		049AD2BB186180270076F5AD /* Jason.jpg */ = {isa = PBXFileReference; lastKnownFileType = image.jpeg; path = Jason.jpg; sourceTree = "<group>"; };
		049AD2BD186180460076F5AD /* basketball.png */ = {isa = PBXFileReference; lastKnownFileType = image.png; path = basketball.png; sourceTree = "<group>"; };
		049AD2BF186180700076F5AD /* Default~iphone.png */ = {isa = PBXFileReference; lastKnownFileType = image.png; path = "Default~iphone.png"; sourceTree = "<group>"; };
		049AD2C1186180950076F5AD /* man-figure.png */ = {isa = PBXFileReference; lastKnownFileType = image.png; path = "man-figure.png"; sourceTree = "<group>"; };
		049AD2C3186180AA0076F5AD /* George.jpg */ = {isa = PBXFileReference; lastKnownFileType = image.jpeg; path = George.jpg; sourceTree = "<group>"; };
		049AD2C5186180B50076F5AD /* Ike.jpg */ = {isa = PBXFileReference; lastKnownFileType = image.jpeg; path = Ike.jpg; sourceTree = "<group>"; };
		049AD2C7186180C10076F5AD /* Terry.jpg */ = {isa = PBXFileReference; lastKnownFileType = image.jpeg; path = Terry.jpg; sourceTree = "<group>"; };
		049AD2C9186180E90076F5AD /* teammany.png */ = {isa = PBXFileReference; lastKnownFileType = image.png; path = teammany.png; sourceTree = "<group>"; };
		049AD2CD1861854B0076F5AD /* FacebookSDK.framework */ = {isa = PBXFileReference; lastKnownFileType = wrapper.framework; name = FacebookSDK.framework; path = ui/FacebookSDK.framework; sourceTree = "<group>"; };
		049AD2CF1862C0E50076F5AD /* teammatelaunch.jpg */ = {isa = PBXFileReference; lastKnownFileType = image.jpeg; path = teammatelaunch.jpg; sourceTree = "<group>"; };
		049AD2D51862C6180076F5AD /* Default.png */ = {isa = PBXFileReference; lastKnownFileType = image.png; path = Default.png; sourceTree = "<group>"; };
		04A32BCC17A2990B0010CC1C /* teamViewController.h */ = {isa = PBXFileReference; fileEncoding = 4; lastKnownFileType = sourcecode.c.h; path = teamViewController.h; sourceTree = "<group>"; };
		04A32BCD17A2990B0010CC1C /* teamViewController.m */ = {isa = PBXFileReference; fileEncoding = 4; lastKnownFileType = sourcecode.c.objc; path = teamViewController.m; sourceTree = "<group>"; };
		04A32BCF17A2991C0010CC1C /* playerViewController.h */ = {isa = PBXFileReference; fileEncoding = 4; lastKnownFileType = sourcecode.c.h; path = playerViewController.h; sourceTree = "<group>"; };
		04A32BD017A2991C0010CC1C /* playerViewController.m */ = {isa = PBXFileReference; fileEncoding = 4; lastKnownFileType = sourcecode.c.objc; path = playerViewController.m; sourceTree = "<group>"; };
		04A32BD217A299600010CC1C /* recordViewController.h */ = {isa = PBXFileReference; fileEncoding = 4; lastKnownFileType = sourcecode.c.h; path = recordViewController.h; sourceTree = "<group>"; };
		04A32BD317A299600010CC1C /* recordViewController.m */ = {isa = PBXFileReference; fileEncoding = 4; lastKnownFileType = sourcecode.c.objc; path = recordViewController.m; sourceTree = "<group>"; };
		04AD05FD1801C1AF0063856F /* PlayerCell.h */ = {isa = PBXFileReference; fileEncoding = 4; lastKnownFileType = sourcecode.c.h; path = PlayerCell.h; sourceTree = "<group>"; };
		04AD05FE1801C1AF0063856F /* PlayerCell.m */ = {isa = PBXFileReference; fileEncoding = 4; lastKnownFileType = sourcecode.c.objc; path = PlayerCell.m; sourceTree = "<group>"; };
		04AD05FF1801C1AF0063856F /* playercell.xib */ = {isa = PBXFileReference; fileEncoding = 4; lastKnownFileType = file.xib; path = playercell.xib; sourceTree = "<group>"; };
		04AD06021801C1EB0063856F /* SelectPlayerViewController.h */ = {isa = PBXFileReference; fileEncoding = 4; lastKnownFileType = sourcecode.c.h; path = SelectPlayerViewController.h; sourceTree = "<group>"; };
		04AD06031801C1EB0063856F /* SelectPlayerViewController.m */ = {isa = PBXFileReference; fileEncoding = 4; lastKnownFileType = sourcecode.c.objc; path = SelectPlayerViewController.m; sourceTree = "<group>"; };
		04B31CBE17B82EA700B3FFB0 /* CJSONDeserializer.h */ = {isa = PBXFileReference; fileEncoding = 4; lastKnownFileType = sourcecode.c.h; path = CJSONDeserializer.h; sourceTree = "<group>"; };
		04B31CBF17B82EA700B3FFB0 /* CJSONDeserializer.m */ = {isa = PBXFileReference; fileEncoding = 4; lastKnownFileType = sourcecode.c.objc; path = CJSONDeserializer.m; sourceTree = "<group>"; };
		04B31CC017B82EA700B3FFB0 /* CJSONSerializer.h */ = {isa = PBXFileReference; fileEncoding = 4; lastKnownFileType = sourcecode.c.h; path = CJSONSerializer.h; sourceTree = "<group>"; };
		04B31CC117B82EA700B3FFB0 /* CJSONSerializer.m */ = {isa = PBXFileReference; fileEncoding = 4; lastKnownFileType = sourcecode.c.objc; path = CJSONSerializer.m; sourceTree = "<group>"; };
		04B31CC217B82EA700B3FFB0 /* JSONRepresentation.h */ = {isa = PBXFileReference; fileEncoding = 4; lastKnownFileType = sourcecode.c.h; path = JSONRepresentation.h; sourceTree = "<group>"; };
		04B31CC317B82EA700B3FFB0 /* NSDictionary_JSONExtensions.h */ = {isa = PBXFileReference; fileEncoding = 4; lastKnownFileType = sourcecode.c.h; path = NSDictionary_JSONExtensions.h; sourceTree = "<group>"; };
		04B31CC417B82EA700B3FFB0 /* NSDictionary_JSONExtensions.m */ = {isa = PBXFileReference; fileEncoding = 4; lastKnownFileType = sourcecode.c.objc; path = NSDictionary_JSONExtensions.m; sourceTree = "<group>"; };
		04BE4C3917B1781300FAAEC1 /* CoreData.framework */ = {isa = PBXFileReference; lastKnownFileType = wrapper.framework; name = CoreData.framework; path = System/Library/Frameworks/CoreData.framework; sourceTree = SDKROOT; };
		04CFAD5D17CB253800DB66C8 /* 團體照.jpg */ = {isa = PBXFileReference; lastKnownFileType = image.jpeg; path = "團體照.jpg"; sourceTree = "<group>"; };
		04D141C41801E588001617F7 /* Ding.jpg */ = {isa = PBXFileReference; lastKnownFileType = image.jpeg; path = Ding.jpg; sourceTree = "<group>"; };
		04D141C61801E5A2001617F7 /* Lin.jpg */ = {isa = PBXFileReference; lastKnownFileType = image.jpeg; path = Lin.jpg; sourceTree = "<group>"; };
/* End PBXFileReference section */

/* Begin PBXFrameworksBuildPhase section */
		041D19D0177D6CC700352260 /* Frameworks */ = {
			isa = PBXFrameworksBuildPhase;
			buildActionMask = 2147483647;
			files = (
				04BE4C3A17B1781300FAAEC1 /* CoreData.framework in Frameworks */,
				049AD2CE1861854B0076F5AD /* FacebookSDK.framework in Frameworks */,
				041D19D7177D6CC700352260 /* UIKit.framework in Frameworks */,
				041D19D9177D6CC700352260 /* Foundation.framework in Frameworks */,
				041D19DB177D6CC700352260 /* CoreGraphics.framework in Frameworks */,
			);
			runOnlyForDeploymentPostprocessing = 0;
		};
		041D19F8177D6CC700352260 /* Frameworks */ = {
			isa = PBXFrameworksBuildPhase;
			buildActionMask = 2147483647;
			files = (
				041D19FE177D6CC700352260 /* SenTestingKit.framework in Frameworks */,
				041D19FF177D6CC700352260 /* UIKit.framework in Frameworks */,
				041D1A00177D6CC700352260 /* Foundation.framework in Frameworks */,
			);
			runOnlyForDeploymentPostprocessing = 0;
		};
/* End PBXFrameworksBuildPhase section */

/* Begin PBXGroup section */
		041D19CA177D6CC600352260 = {
			isa = PBXGroup;
			children = (
				049AD2D51862C6180076F5AD /* Default.png */,
				041D19DC177D6CC700352260 /* ui */,
				041D19D5177D6CC700352260 /* Frameworks */,
				041D19D4177D6CC700352260 /* Products */,
			);
			sourceTree = "<group>";
		};
		041D19D4177D6CC700352260 /* Products */ = {
			isa = PBXGroup;
			children = (
				041D19D3177D6CC700352260 /* ui.app */,
				041D19FC177D6CC700352260 /* uiTests.octest */,
			);
			name = Products;
			sourceTree = "<group>";
		};
		041D19D5177D6CC700352260 /* Frameworks */ = {
			isa = PBXGroup;
			children = (
				049AD2CD1861854B0076F5AD /* FacebookSDK.framework */,
				04BE4C3917B1781300FAAEC1 /* CoreData.framework */,
				041D19D6177D6CC700352260 /* UIKit.framework */,
				041D19D8177D6CC700352260 /* Foundation.framework */,
				041D19DA177D6CC700352260 /* CoreGraphics.framework */,
				041D19FD177D6CC700352260 /* SenTestingKit.framework */,
			);
			name = Frameworks;
			sourceTree = "<group>";
		};
		041D19DC177D6CC700352260 /* ui */ = {
			isa = PBXGroup;
			children = (
				041D19E5177D6CC700352260 /* AppDelegate.h */,
				041D19E6177D6CC700352260 /* AppDelegate.m */,
				041D19EE177D6CC700352260 /* MainStoryboard_iPhone.storyboard */,
				045FE83E17ABAFAD0064D82B /* Model.xcdatamodeld */,
				041D19DD177D6CC700352260 /* Supporting Files */,
			);
			path = ui;
			sourceTree = "<group>";
		};
		041D19DD177D6CC700352260 /* Supporting Files */ = {
			isa = PBXGroup;
			children = (
				049AD2B0185DF7F90076F5AD /* introViewController.h */,
				049AD2B1185DF7F90076F5AD /* introViewController.m */,
				049AD2AD185DF6230076F5AD /* tabViewController.h */,
				049AD2AE185DF6230076F5AD /* tabViewController.m */,
				04125ED218561DFA001E1B9A /* logViewController.h */,
				04125ED318561DFA001E1B9A /* logViewController.m */,
				04A32BCC17A2990B0010CC1C /* teamViewController.h */,
				04A32BCD17A2990B0010CC1C /* teamViewController.m */,
				04A32BCF17A2991C0010CC1C /* playerViewController.h */,
				04A32BD017A2991C0010CC1C /* playerViewController.m */,
				04A32BD217A299600010CC1C /* recordViewController.h */,
				04A32BD317A299600010CC1C /* recordViewController.m */,
				0446B89A17F21F3B000C629E /* presetViewController.h */,
				0446B89B17F21F3B000C629E /* presetViewController.m */,
				0446B8A017F44A46000C629E /* resettimeViewController.h */,
				0446B8A117F44A46000C629E /* resettimeViewController.m */,
				04AD06051801C2070063856F /* selectpeopleFiles */,
				041D19DF177D6CC700352260 /* InfoPlist.strings */,
				041D19DE177D6CC700352260 /* ui-Info.plist */,
				041D19E4177D6CC700352260 /* ui-Prefix.pch */,
				041D19E2177D6CC700352260 /* main.m */,
				04B31CBD17B82EA700B3FFB0 /* Source */,
				045FE83D17ABAF550064D82B /* photo */,
			);
			name = "Supporting Files";
			sourceTree = "<group>";
		};
		045FE83D17ABAF550064D82B /* photo */ = {
			isa = PBXGroup;
			children = (
				049AD2CF1862C0E50076F5AD /* teammatelaunch.jpg */,
				04D141C61801E5A2001617F7 /* Lin.jpg */,
				04125EBC1852EDEE001E1B9A /* LoginWithFacebookNormal@2x.png */,
				04D141C41801E588001617F7 /* Ding.jpg */,
				049AD2C5186180B50076F5AD /* Ike.jpg */,
				04125ECE1852FDB0001E1B9A /* T114.png */,
				04125ECA1852FC1F001E1B9A /* logo.png */,
				04125ECC1852FD19001E1B9A /* logo4.png */,
				049AD2B718617FBF0076F5AD /* Star.jpg */,
				049AD2B518617FAA0076F5AD /* game.png */,
				049AD2B9186180110076F5AD /* player.png */,
				049AD2BD186180460076F5AD /* basketball.png */,
				049AD2BB186180270076F5AD /* Jason.jpg */,
				04CFAD5D17CB253800DB66C8 /* 團體照.jpg */,
				049AD2C9186180E90076F5AD /* teammany.png */,
				049AD2C3186180AA0076F5AD /* George.jpg */,
				049AD2C7186180C10076F5AD /* Terry.jpg */,
				049AD2C1186180950076F5AD /* man-figure.png */,
				049AD2BF186180700076F5AD /* Default~iphone.png */,
			);
			name = photo;
			sourceTree = "<group>";
		};
		04AD06051801C2070063856F /* selectpeopleFiles */ = {
			isa = PBXGroup;
			children = (
				04AD06021801C1EB0063856F /* SelectPlayerViewController.h */,
				04AD06031801C1EB0063856F /* SelectPlayerViewController.m */,
				04AD05FD1801C1AF0063856F /* PlayerCell.h */,
				04AD05FE1801C1AF0063856F /* PlayerCell.m */,
				04AD05FF1801C1AF0063856F /* playercell.xib */,
			);
			name = selectpeopleFiles;
			sourceTree = "<group>";
		};
		04B31CBD17B82EA700B3FFB0 /* Source */ = {
			isa = PBXGroup;
			children = (
				04B31CBE17B82EA700B3FFB0 /* CJSONDeserializer.h */,
				04B31CBF17B82EA700B3FFB0 /* CJSONDeserializer.m */,
				04B31CC017B82EA700B3FFB0 /* CJSONSerializer.h */,
				04B31CC117B82EA700B3FFB0 /* CJSONSerializer.m */,
				04B31CC217B82EA700B3FFB0 /* JSONRepresentation.h */,
				04B31CC317B82EA700B3FFB0 /* NSDictionary_JSONExtensions.h */,
				04B31CC417B82EA700B3FFB0 /* NSDictionary_JSONExtensions.m */,
			);
			name = Source;
			path = "TouchJSON-master/Source";
			sourceTree = "<group>";
		};
/* End PBXGroup section */

/* Begin PBXNativeTarget section */
		041D19D2177D6CC700352260 /* ui */ = {
			isa = PBXNativeTarget;
			buildConfigurationList = 041D1A0E177D6CC700352260 /* Build configuration list for PBXNativeTarget "ui" */;
			buildPhases = (
				041D19CF177D6CC700352260 /* Sources */,
				041D19D0177D6CC700352260 /* Frameworks */,
				041D19D1177D6CC700352260 /* Resources */,
			);
			buildRules = (
			);
			dependencies = (
			);
			name = ui;
			productName = ui;
			productReference = 041D19D3177D6CC700352260 /* ui.app */;
			productType = "com.apple.product-type.application";
		};
		041D19FB177D6CC700352260 /* uiTests */ = {
			isa = PBXNativeTarget;
			buildConfigurationList = 041D1A11177D6CC700352260 /* Build configuration list for PBXNativeTarget "uiTests" */;
			buildPhases = (
				041D19F7177D6CC700352260 /* Sources */,
				041D19F8177D6CC700352260 /* Frameworks */,
				041D19F9177D6CC700352260 /* Resources */,
				041D19FA177D6CC700352260 /* ShellScript */,
			);
			buildRules = (
			);
			dependencies = (
				041D1A02177D6CC700352260 /* PBXTargetDependency */,
			);
			name = uiTests;
			productName = uiTests;
			productReference = 041D19FC177D6CC700352260 /* uiTests.octest */;
			productType = "com.apple.product-type.bundle";
		};
/* End PBXNativeTarget section */

/* Begin PBXProject section */
		041D19CB177D6CC600352260 /* Project object */ = {
			isa = PBXProject;
			attributes = {
				LastUpgradeCheck = 0460;
				ORGANIZATIONNAME = teammate;
			};
			buildConfigurationList = 041D19CE177D6CC600352260 /* Build configuration list for PBXProject "ui" */;
			compatibilityVersion = "Xcode 3.2";
			developmentRegion = English;
			hasScannedForEncodings = 0;
			knownRegions = (
				en,
			);
			mainGroup = 041D19CA177D6CC600352260;
			productRefGroup = 041D19D4177D6CC700352260 /* Products */;
			projectDirPath = "";
			projectRoot = "";
			targets = (
				041D19D2177D6CC700352260 /* ui */,
				041D19FB177D6CC700352260 /* uiTests */,
			);
		};
/* End PBXProject section */

/* Begin PBXResourcesBuildPhase section */
		041D19D1177D6CC700352260 /* Resources */ = {
			isa = PBXResourcesBuildPhase;
			buildActionMask = 2147483647;
			files = (
				04125ECD1852FD19001E1B9A /* logo4.png in Resources */,
				04125ECB1852FC1F001E1B9A /* logo.png in Resources */,
				049AD2C2186180950076F5AD /* man-figure.png in Resources */,
				041D19E1177D6CC700352260 /* InfoPlist.strings in Resources */,
				049AD2C0186180700076F5AD /* Default~iphone.png in Resources */,
				049AD2B618617FAA0076F5AD /* game.png in Resources */,
				041D19F0177D6CC700352260 /* MainStoryboard_iPhone.storyboard in Resources */,
				049AD2D01862C0E50076F5AD /* teammatelaunch.jpg in Resources */,
				049AD2B818617FBF0076F5AD /* Star.jpg in Resources */,
				049AD2CA186180E90076F5AD /* teammany.png in Resources */,
				049AD2C8186180C10076F5AD /* Terry.jpg in Resources */,
				04125EBD1852EDEE001E1B9A /* LoginWithFacebookNormal@2x.png in Resources */,
				04CFAD5E17CB253800DB66C8 /* 團體照.jpg in Resources */,
				049AD2C6186180B50076F5AD /* Ike.jpg in Resources */,
				04AD06011801C1AF0063856F /* playercell.xib in Resources */,
				049AD2BC186180270076F5AD /* Jason.jpg in Resources */,
				049AD2C4186180AA0076F5AD /* George.jpg in Resources */,
				049AD2BA186180110076F5AD /* player.png in Resources */,
				04125ECF1852FDB0001E1B9A /* T114.png in Resources */,
				04D141C51801E588001617F7 /* Ding.jpg in Resources */,
				049AD2BE186180460076F5AD /* basketball.png in Resources */,
				04D141C71801E5A2001617F7 /* Lin.jpg in Resources */,
			);
			runOnlyForDeploymentPostprocessing = 0;
		};
		041D19F9177D6CC700352260 /* Resources */ = {
			isa = PBXResourcesBuildPhase;
			buildActionMask = 2147483647;
			files = (
			);
			runOnlyForDeploymentPostprocessing = 0;
		};
/* End PBXResourcesBuildPhase section */

/* Begin PBXShellScriptBuildPhase section */
		041D19FA177D6CC700352260 /* ShellScript */ = {
			isa = PBXShellScriptBuildPhase;
			buildActionMask = 2147483647;
			files = (
			);
			inputPaths = (
			);
			outputPaths = (
			);
			runOnlyForDeploymentPostprocessing = 0;
			shellPath = /bin/sh;
			shellScript = "# Run the unit tests in this test bundle.\n\"${SYSTEM_DEVELOPER_DIR}/Tools/RunUnitTests\"\n";
		};
/* End PBXShellScriptBuildPhase section */

/* Begin PBXSourcesBuildPhase section */
		041D19CF177D6CC700352260 /* Sources */ = {
			isa = PBXSourcesBuildPhase;
			buildActionMask = 2147483647;
			files = (
				041D19E3177D6CC700352260 /* main.m in Sources */,
				041D19E7177D6CC700352260 /* AppDelegate.m in Sources */,
				04125ED818562002001E1B9A /* logViewController.m in Sources */,
				04A32BCE17A2990B0010CC1C /* teamViewController.m in Sources */,
				04A32BD117A2991D0010CC1C /* playerViewController.m in Sources */,
				049AD2AF185DF6230076F5AD /* tabViewController.m in Sources */,
				04A32BD417A299600010CC1C /* recordViewController.m in Sources */,
				045FE84017ABAFAD0064D82B /* Model.xcdatamodeld in Sources */,
				04B31D1617B82EA700B3FFB0 /* CJSONDeserializer.m in Sources */,
				04B31D1717B82EA700B3FFB0 /* CJSONSerializer.m in Sources */,
				04B31D1817B82EA700B3FFB0 /* NSDictionary_JSONExtensions.m in Sources */,
				049AD2B2185DF7F90076F5AD /* introViewController.m in Sources */,
				0446B89C17F21F3B000C629E /* presetViewController.m in Sources */,
				0446B8A217F44A46000C629E /* resettimeViewController.m in Sources */,
				04AD06001801C1AF0063856F /* PlayerCell.m in Sources */,
				04AD06041801C1EB0063856F /* SelectPlayerViewController.m in Sources */,
			);
			runOnlyForDeploymentPostprocessing = 0;
		};
		041D19F7177D6CC700352260 /* Sources */ = {
			isa = PBXSourcesBuildPhase;
			buildActionMask = 2147483647;
			files = (
			);
			runOnlyForDeploymentPostprocessing = 0;
		};
/* End PBXSourcesBuildPhase section */

/* Begin PBXTargetDependency section */
		041D1A02177D6CC700352260 /* PBXTargetDependency */ = {
			isa = PBXTargetDependency;
			target = 041D19D2177D6CC700352260 /* ui */;
			targetProxy = 041D1A01177D6CC700352260 /* PBXContainerItemProxy */;
		};
/* End PBXTargetDependency section */

/* Begin PBXVariantGroup section */
		041D19DF177D6CC700352260 /* InfoPlist.strings */ = {
			isa = PBXVariantGroup;
			children = (
				041D19E0177D6CC700352260 /* en */,
			);
			name = InfoPlist.strings;
			sourceTree = "<group>";
		};
		041D19EE177D6CC700352260 /* MainStoryboard_iPhone.storyboard */ = {
			isa = PBXVariantGroup;
			children = (
				041D19EF177D6CC700352260 /* en */,
			);
			name = MainStoryboard_iPhone.storyboard;
			sourceTree = "<group>";
		};
/* End PBXVariantGroup section */

/* Begin XCBuildConfiguration section */
		041D1A0C177D6CC700352260 /* Debug */ = {
			isa = XCBuildConfiguration;
			buildSettings = {
				ALWAYS_SEARCH_USER_PATHS = NO;
				CLANG_CXX_LANGUAGE_STANDARD = "gnu++0x";
				CLANG_CXX_LIBRARY = "libc++";
				CLANG_ENABLE_OBJC_ARC = YES;
				CLANG_WARN_CONSTANT_CONVERSION = YES;
				CLANG_WARN_EMPTY_BODY = YES;
				CLANG_WARN_ENUM_CONVERSION = YES;
				CLANG_WARN_INT_CONVERSION = YES;
				CLANG_WARN__DUPLICATE_METHOD_MATCH = YES;
				"CODE_SIGN_IDENTITY[sdk=iphoneos*]" = "iPhone Developer";
				COPY_PHASE_STRIP = NO;
				GCC_C_LANGUAGE_STANDARD = gnu99;
				GCC_DYNAMIC_NO_PIC = NO;
				GCC_OPTIMIZATION_LEVEL = 0;
				GCC_PREPROCESSOR_DEFINITIONS = (
					"DEBUG=1",
					"$(inherited)",
				);
				GCC_SYMBOLS_PRIVATE_EXTERN = NO;
				GCC_WARN_ABOUT_RETURN_TYPE = YES;
				GCC_WARN_UNINITIALIZED_AUTOS = YES;
				GCC_WARN_UNUSED_VARIABLE = YES;
				IPHONEOS_DEPLOYMENT_TARGET = 6.1;
				ONLY_ACTIVE_ARCH = YES;
				SDKROOT = iphoneos;
				TARGETED_DEVICE_FAMILY = "1,2";
			};
			name = Debug;
		};
		041D1A0D177D6CC700352260 /* Release */ = {
			isa = XCBuildConfiguration;
			buildSettings = {
				ALWAYS_SEARCH_USER_PATHS = NO;
				CLANG_CXX_LANGUAGE_STANDARD = "gnu++0x";
				CLANG_CXX_LIBRARY = "libc++";
				CLANG_ENABLE_OBJC_ARC = YES;
				CLANG_WARN_CONSTANT_CONVERSION = YES;
				CLANG_WARN_EMPTY_BODY = YES;
				CLANG_WARN_ENUM_CONVERSION = YES;
				CLANG_WARN_INT_CONVERSION = YES;
				CLANG_WARN__DUPLICATE_METHOD_MATCH = YES;
				"CODE_SIGN_IDENTITY[sdk=iphoneos*]" = "iPhone Developer";
				COPY_PHASE_STRIP = YES;
				GCC_C_LANGUAGE_STANDARD = gnu99;
				GCC_WARN_ABOUT_RETURN_TYPE = YES;
				GCC_WARN_UNINITIALIZED_AUTOS = YES;
				GCC_WARN_UNUSED_VARIABLE = YES;
				IPHONEOS_DEPLOYMENT_TARGET = 6.1;
				OTHER_CFLAGS = "-DNS_BLOCK_ASSERTIONS=1";
				SDKROOT = iphoneos;
				TARGETED_DEVICE_FAMILY = "1,2";
				VALIDATE_PRODUCT = YES;
			};
			name = Release;
		};
		041D1A0F177D6CC700352260 /* Debug */ = {
			isa = XCBuildConfiguration;
			buildSettings = {
				FRAMEWORK_SEARCH_PATHS = (
					"$(inherited)",
					/Users/mac/Desktop/ui/ui,
					/Users/mac/Desktop/ui/teammate_app/ui,
					/Users/mac/Desktop/ui/teammate_app,
				);
				GCC_PRECOMPILE_PREFIX_HEADER = YES;
				GCC_PREFIX_HEADER = "ui/ui-Prefix.pch";
				INFOPLIST_FILE = "ui/ui-Info.plist";
				PRODUCT_NAME = "$(TARGET_NAME)";
				TARGETED_DEVICE_FAMILY = 1;
				WRAPPER_EXTENSION = app;
			};
			name = Debug;
		};
		041D1A10177D6CC700352260 /* Release */ = {
			isa = XCBuildConfiguration;
			buildSettings = {
				FRAMEWORK_SEARCH_PATHS = (
					"$(inherited)",
					/Users/mac/Desktop/ui/ui,
					/Users/mac/Desktop/ui/teammate_app/ui,
					/Users/mac/Desktop/ui/teammate_app,
				);
				GCC_PRECOMPILE_PREFIX_HEADER = YES;
				GCC_PREFIX_HEADER = "ui/ui-Prefix.pch";
				INFOPLIST_FILE = "ui/ui-Info.plist";
				PRODUCT_NAME = "$(TARGET_NAME)";
				TARGETED_DEVICE_FAMILY = 1;
				WRAPPER_EXTENSION = app;
			};
			name = Release;
		};
		041D1A12177D6CC700352260 /* Debug */ = {
			isa = XCBuildConfiguration;
			buildSettings = {
				BUNDLE_LOADER = "$(BUILT_PRODUCTS_DIR)/ui.app/ui";
				FRAMEWORK_SEARCH_PATHS = (
					"\"$(SDKROOT)/Developer/Library/Frameworks\"",
					"\"$(DEVELOPER_LIBRARY_DIR)/Frameworks\"",
				);
				GCC_PRECOMPILE_PREFIX_HEADER = YES;
				GCC_PREFIX_HEADER = "ui/ui-Prefix.pch";
				INFOPLIST_FILE = "uiTests/uiTests-Info.plist";
				PRODUCT_NAME = "$(TARGET_NAME)";
				TEST_HOST = "$(BUNDLE_LOADER)";
				WRAPPER_EXTENSION = octest;
			};
			name = Debug;
		};
		041D1A13177D6CC700352260 /* Release */ = {
			isa = XCBuildConfiguration;
			buildSettings = {
				BUNDLE_LOADER = "$(BUILT_PRODUCTS_DIR)/ui.app/ui";
				FRAMEWORK_SEARCH_PATHS = (
					"\"$(SDKROOT)/Developer/Library/Frameworks\"",
					"\"$(DEVELOPER_LIBRARY_DIR)/Frameworks\"",
				);
				GCC_PRECOMPILE_PREFIX_HEADER = YES;
				GCC_PREFIX_HEADER = "ui/ui-Prefix.pch";
				INFOPLIST_FILE = "uiTests/uiTests-Info.plist";
				PRODUCT_NAME = "$(TARGET_NAME)";
				TEST_HOST = "$(BUNDLE_LOADER)";
				WRAPPER_EXTENSION = octest;
			};
			name = Release;
		};
/* End XCBuildConfiguration section */

/* Begin XCConfigurationList section */
		041D19CE177D6CC600352260 /* Build configuration list for PBXProject "ui" */ = {
			isa = XCConfigurationList;
			buildConfigurations = (
				041D1A0C177D6CC700352260 /* Debug */,
				041D1A0D177D6CC700352260 /* Release */,
			);
			defaultConfigurationIsVisible = 0;
			defaultConfigurationName = Release;
		};
		041D1A0E177D6CC700352260 /* Build configuration list for PBXNativeTarget "ui" */ = {
			isa = XCConfigurationList;
			buildConfigurations = (
				041D1A0F177D6CC700352260 /* Debug */,
				041D1A10177D6CC700352260 /* Release */,
			);
			defaultConfigurationIsVisible = 0;
			defaultConfigurationName = Release;
		};
		041D1A11177D6CC700352260 /* Build configuration list for PBXNativeTarget "uiTests" */ = {
			isa = XCConfigurationList;
			buildConfigurations = (
				041D1A12177D6CC700352260 /* Debug */,
				041D1A13177D6CC700352260 /* Release */,
			);
			defaultConfigurationIsVisible = 0;
			defaultConfigurationName = Release;
		};
/* End XCConfigurationList section */

/* Begin XCVersionGroup section */
		045FE83E17ABAFAD0064D82B /* Model.xcdatamodeld */ = {
			isa = XCVersionGroup;
			children = (
				045FE83F17ABAFAD0064D82B /* Model.xcdatamodel */,
			);
			currentVersion = 045FE83F17ABAFAD0064D82B /* Model.xcdatamodel */;
			path = Model.xcdatamodeld;
			sourceTree = "<group>";
			versionGroupType = wrapper.xcdatamodel;
		};
/* End XCVersionGroup section */
	};
	rootObject = 041D19CB177D6CC600352260 /* Project object */;
}
